// !$*UTF8*$!
{
	archiveVersion = 1;
	classes = {
	};
	objectVersion = 50;
	objects = {

/* Begin PBXBuildFile section */
		1DCFF195210761E700FF2CE0 /* AppDelegate.swift in Sources */ = {isa = PBXBuildFile; fileRef = 1DCFF194210761E700FF2CE0 /* AppDelegate.swift */; };
		1DCFF197210761E700FF2CE0 /* ViewController.swift in Sources */ = {isa = PBXBuildFile; fileRef = 1DCFF196210761E700FF2CE0 /* ViewController.swift */; };
		1DCFF19A210761E700FF2CE0 /* Main.storyboard in Resources */ = {isa = PBXBuildFile; fileRef = 1DCFF198210761E700FF2CE0 /* Main.storyboard */; };
		1DCFF19C210761E900FF2CE0 /* Assets.xcassets in Resources */ = {isa = PBXBuildFile; fileRef = 1DCFF19B210761E900FF2CE0 /* Assets.xcassets */; };
		1DCFF19F210761E900FF2CE0 /* LaunchScreen.storyboard in Resources */ = {isa = PBXBuildFile; fileRef = 1DCFF19D210761E900FF2CE0 /* LaunchScreen.storyboard */; };
		1DCFF1AD21076DD800FF2CE0 /* Demo.framework in Frameworks */ = {isa = PBXBuildFile; fileRef = 1DCFF1AC21076DD800FF2CE0 /* Demo.framework */; };
/* End PBXBuildFile section */

/* Begin PBXFileReference section */
		1DCFF191210761E700FF2CE0 /* Demoapp.app */ = {isa = PBXFileReference; explicitFileType = wrapper.application; includeInIndex = 0; path = Demoapp.app; sourceTree = BUILT_PRODUCTS_DIR; };
		1DCFF194210761E700FF2CE0 /* AppDelegate.swift */ = {isa = PBXFileReference; lastKnownFileType = sourcecode.swift; path = AppDelegate.swift; sourceTree = "<group>"; };
		1DCFF196210761E700FF2CE0 /* ViewController.swift */ = {isa = PBXFileReference; lastKnownFileType = sourcecode.swift; path = ViewController.swift; sourceTree = "<group>"; };
		1DCFF199210761E700FF2CE0 /* Base */ = {isa = PBXFileReference; lastKnownFileType = file.storyboard; name = Base; path = Base.lproj/Main.storyboard; sourceTree = "<group>"; };
		1DCFF19B210761E900FF2CE0 /* Assets.xcassets */ = {isa = PBXFileReference; lastKnownFileType = folder.assetcatalog; path = Assets.xcassets; sourceTree = "<group>"; };
		1DCFF19E210761E900FF2CE0 /* Base */ = {isa = PBXFileReference; lastKnownFileType = file.storyboard; name = Base; path = Base.lproj/LaunchScreen.storyboard; sourceTree = "<group>"; };
		1DCFF1A0210761E900FF2CE0 /* Info.plist */ = {isa = PBXFileReference; lastKnownFileType = text.plist.xml; path = Info.plist; sourceTree = "<group>"; };
		1DCFF1AA2107678E00FF2CE0 /* BridgingHeader.h */ = {isa = PBXFileReference; lastKnownFileType = sourcecode.c.h; path = BridgingHeader.h; sourceTree = "<group>"; };
		1DCFF1AC21076DD800FF2CE0 /* Demo.framework */ = {isa = PBXFileReference; lastKnownFileType = wrapper.framework; name = Demo.framework; path = Demoapp/lib/Demo.framework; sourceTree = SOURCE_ROOT; };
/* End PBXFileReference section */

/* Begin PBXFrameworksBuildPhase section */
		1DCFF18E210761E700FF2CE0 /* Frameworks */ = {
			isa = PBXFrameworksBuildPhase;
			buildActionMask = 2147483647;
			files = (
				1DCFF1AD21076DD800FF2CE0 /* Demo.framework in Frameworks */,
			);
			runOnlyForDeploymentPostprocessing = 0;
		};
/* End PBXFrameworksBuildPhase section */

/* Begin PBXGroup section */
		1DCFF188210761E700FF2CE0 = {
			isa = PBXGroup;
			children = (
				1DCFF1AB21076DB000FF2CE0 /* Frameworks */,
				1DCFF193210761E700FF2CE0 /* Demoapp */,
				1DCFF192210761E700FF2CE0 /* Products */,
			);
			sourceTree = "<group>";
		};
		1DCFF192210761E700FF2CE0 /* Products */ = {
			isa = PBXGroup;
			children = (
				1DCFF191210761E700FF2CE0 /* Demoapp.app */,
			);
			name = Products;
			sourceTree = "<group>";
		};
		1DCFF193210761E700FF2CE0 /* Demoapp */ = {
			isa = PBXGroup;
			children = (
				1DCFF194210761E700FF2CE0 /* AppDelegate.swift */,
				1DCFF196210761E700FF2CE0 /* ViewController.swift */,
				1DCFF198210761E700FF2CE0 /* Main.storyboard */,
				1DCFF19B210761E900FF2CE0 /* Assets.xcassets */,
				1DCFF1AA2107678E00FF2CE0 /* BridgingHeader.h */,
				1DCFF19D210761E900FF2CE0 /* LaunchScreen.storyboard */,
				1DCFF1A0210761E900FF2CE0 /* Info.plist */,
			);
			path = Demoapp;
			sourceTree = "<group>";
		};
		1DCFF1AB21076DB000FF2CE0 /* Frameworks */ = {
			isa = PBXGroup;
			children = (
				1DCFF1AC21076DD800FF2CE0 /* Demo.framework */,
			);
			path = Frameworks;
			sourceTree = "<group>";
		};
/* End PBXGroup section */

/* Begin PBXNativeTarget section */
		1DCFF190210761E700FF2CE0 /* Demoapp */ = {
			isa = PBXNativeTarget;
			buildConfigurationList = 1DCFF1A3210761E900FF2CE0 /* Build configuration list for PBXNativeTarget "Demoapp" */;
			buildPhases = (
				1DCFF18D210761E700FF2CE0 /* Sources */,
				1DCFF18E210761E700FF2CE0 /* Frameworks */,
				1DCFF18F210761E700FF2CE0 /* Resources */,
			);
			buildRules = (
			);
			dependencies = (
			);
			name = Demoapp;
			productName = Demoapp;
			productReference = 1DCFF191210761E700FF2CE0 /* Demoapp.app */;
			productType = "com.apple.product-type.application";
		};
/* End PBXNativeTarget section */

/* Begin PBXProject section */
		1DCFF189210761E700FF2CE0 /* Project object */ = {
			isa = PBXProject;
			attributes = {
				LastSwiftUpdateCheck = 0940;
				LastUpgradeCheck = 0940;
				ORGANIZATIONNAME = "Vignesh Ramachandra";
				TargetAttributes = {
					1DCFF190210761E700FF2CE0 = {
						CreatedOnToolsVersion = 9.4;
					};
				};
			};
			buildConfigurationList = 1DCFF18C210761E700FF2CE0 /* Build configuration list for PBXProject "Demoapp" */;
			compatibilityVersion = "Xcode 9.3";
			developmentRegion = en;
			hasScannedForEncodings = 0;
			knownRegions = (
				en,
				Base,
			);
			mainGroup = 1DCFF188210761E700FF2CE0;
			productRefGroup = 1DCFF192210761E700FF2CE0 /* Products */;
			projectDirPath = "";
			projectRoot = "";
			targets = (
				1DCFF190210761E700FF2CE0 /* Demoapp */,
			);
		};
/* End PBXProject section */

/* Begin PBXResourcesBuildPhase section */
		1DCFF18F210761E700FF2CE0 /* Resources */ = {
			isa = PBXResourcesBuildPhase;
			buildActionMask = 2147483647;
			files = (
				1DCFF19F210761E900FF2CE0 /* LaunchScreen.storyboard in Resources */,
				1DCFF19C210761E900FF2CE0 /* Assets.xcassets in Resources */,
				1DCFF19A210761E700FF2CE0 /* Main.storyboard in Resources */,
			);
			runOnlyForDeploymentPostprocessing = 0;
		};
/* End PBXResourcesBuildPhase section */

/* Begin PBXSourcesBuildPhase section */
		1DCFF18D210761E700FF2CE0 /* Sources */ = {
			isa = PBXSourcesBuildPhase;
			buildActionMask = 2147483647;
			files = (
				1DCFF197210761E700FF2CE0 /* ViewController.swift in Sources */,
				1DCFF195210761E700FF2CE0 /* AppDelegate.swift in Sources */,
			);
			runOnlyForDeploymentPostprocessing = 0;
		};
/* End PBXSourcesBuildPhase section */

/* Begin PBXVariantGroup section */
		1DCFF198210761E700FF2CE0 /* Main.storyboard */ = {
			isa = PBXVariantGroup;
			children = (
				1DCFF199210761E700FF2CE0 /* Base */,
			);
			name = Main.storyboard;
			sourceTree = "<group>";
		};
		1DCFF19D210761E900FF2CE0 /* LaunchScreen.storyboard */ = {
			isa = PBXVariantGroup;
			children = (
				1DCFF19E210761E900FF2CE0 /* Base */,
			);
			name = LaunchScreen.storyboard;
			sourceTree = "<group>";
		};
/* End PBXVariantGroup section */

/* Begin XCBuildConfiguration section */
		1DCFF1A1210761E900FF2CE0 /* Debug */ = {
			isa = XCBuildConfiguration;
			buildSettings = {
				ALWAYS_SEARCH_USER_PATHS = NO;
				CLANG_ANALYZER_NONNULL = YES;
				CLANG_ANALYZER_NUMBER_OBJECT_CONVERSION = YES_AGGRESSIVE;
				CLANG_CXX_LANGUAGE_STANDARD = "gnu++14";
				CLANG_CXX_LIBRARY = "libc++";
				CLANG_ENABLE_MODULES = YES;
				CLANG_ENABLE_OBJC_ARC = YES;
				CLANG_ENABLE_OBJC_WEAK = YES;
				CLANG_WARN_BLOCK_CAPTURE_AUTORELEASING = YES;
				CLANG_WARN_BOOL_CONVERSION = YES;
				CLANG_WARN_COMMA = YES;
				CLANG_WARN_CONSTANT_CONVERSION = YES;
				CLANG_WARN_DEPRECATED_OBJC_IMPLEMENTATIONS = YES;
				CLANG_WARN_DIRECT_OBJC_ISA_USAGE = YES_ERROR;
				CLANG_WARN_DOCUMENTATION_COMMENTS = YES;
				CLANG_WARN_EMPTY_BODY = YES;
				CLANG_WARN_ENUM_CONVERSION = YES;
				CLANG_WARN_INFINITE_RECURSION = YES;
				CLANG_WARN_INT_CONVERSION = YES;
				CLANG_WARN_NON_LITERAL_NULL_CONVERSION = YES;
				CLANG_WARN_OBJC_IMPLICIT_RETAIN_SELF = YES;
				CLANG_WARN_OBJC_LITERAL_CONVERSION = YES;
				CLANG_WARN_OBJC_ROOT_CLASS = YES_ERROR;
				CLANG_WARN_RANGE_LOOP_ANALYSIS = YES;
				CLANG_WARN_STRICT_PROTOTYPES = YES;
				CLANG_WARN_SUSPICIOUS_MOVE = YES;
				CLANG_WARN_UNGUARDED_AVAILABILITY = YES_AGGRESSIVE;
				CLANG_WARN_UNREACHABLE_CODE = YES;
				CLANG_WARN__DUPLICATE_METHOD_MATCH = YES;
				CODE_SIGN_IDENTITY = "iPhone Developer";
				COPY_PHASE_STRIP = NO;
				DEBUG_INFORMATION_FORMAT = dwarf;
				ENABLE_STRICT_OBJC_MSGSEND = YES;
				ENABLE_TESTABILITY = YES;
				GCC_C_LANGUAGE_STANDARD = gnu11;
				GCC_DYNAMIC_NO_PIC = NO;
				GCC_NO_COMMON_BLOCKS = YES;
				GCC_OPTIMIZATION_LEVEL = 0;
				GCC_PREPROCESSOR_DEFINITIONS = (
					"DEBUG=1",
					"$(inherited)",
				);
				GCC_WARN_64_TO_32_BIT_CONVERSION = YES;
				GCC_WARN_ABOUT_RETURN_TYPE = YES_ERROR;
				GCC_WARN_UNDECLARED_SELECTOR = YES;
				GCC_WARN_UNINITIALIZED_AUTOS = YES_AGGRESSIVE;
				GCC_WARN_UNUSED_FUNCTION = YES;
				GCC_WARN_UNUSED_VARIABLE = YES;
				IPHONEOS_DEPLOYMENT_TARGET = 11.4;
				MTL_ENABLE_DEBUG_INFO = YES;
				ONLY_ACTIVE_ARCH = YES;
				SDKROOT = iphoneos;
				SWIFT_ACTIVE_COMPILATION_CONDITIONS = DEBUG;
				SWIFT_OPTIMIZATION_LEVEL = "-Onone";
			};
			name = Debug;
		};
		1DCFF1A2210761E900FF2CE0 /* Release */ = {
			isa = XCBuildConfiguration;
			buildSettings = {
				ALWAYS_SEARCH_USER_PATHS = NO;
				CLANG_ANALYZER_NONNULL = YES;
				CLANG_ANALYZER_NUMBER_OBJECT_CONVERSION = YES_AGGRESSIVE;
				CLANG_CXX_LANGUAGE_STANDARD = "gnu++14";
				CLANG_CXX_LIBRARY = "libc++";
				CLANG_ENABLE_MODULES = YES;
				CLANG_ENABLE_OBJC_ARC = YES;
				CLANG_ENABLE_OBJC_WEAK = YES;
				CLANG_WARN_BLOCK_CAPTURE_AUTORELEASING = YES;
				CLANG_WARN_BOOL_CONVERSION = YES;
				CLANG_WARN_COMMA = YES;
				CLANG_WARN_CONSTANT_CONVERSION = YES;
				CLANG_WARN_DEPRECATED_OBJC_IMPLEMENTATIONS = YES;
				CLANG_WARN_DIRECT_OBJC_ISA_USAGE = YES_ERROR;
				CLANG_WARN_DOCUMENTATION_COMMENTS = YES;
				CLANG_WARN_EMPTY_BODY = YES;
				CLANG_WARN_ENUM_CONVERSION = YES;
				CLANG_WARN_INFINITE_RECURSION = YES;
				CLANG_WARN_INT_CONVERSION = YES;
				CLANG_WARN_NON_LITERAL_NULL_CONVERSION = YES;
				CLANG_WARN_OBJC_IMPLICIT_RETAIN_SELF = YES;
				CLANG_WARN_OBJC_LITERAL_CONVERSION = YES;
				CLANG_WARN_OBJC_ROOT_CLASS = YES_ERROR;
				CLANG_WARN_RANGE_LOOP_ANALYSIS = YES;
				CLANG_WARN_STRICT_PROTOTYPES = YES;
				CLANG_WARN_SUSPICIOUS_MOVE = YES;
				CLANG_WARN_UNGUARDED_AVAILABILITY = YES_AGGRESSIVE;
				CLANG_WARN_UNREACHABLE_CODE = YES;
				CLANG_WARN__DUPLICATE_METHOD_MATCH = YES;
				CODE_SIGN_IDENTITY = "iPhone Developer";
				COPY_PHASE_STRIP = NO;
				DEBUG_INFORMATION_FORMAT = "dwarf-with-dsym";
				ENABLE_NS_ASSERTIONS = NO;
				ENABLE_STRICT_OBJC_MSGSEND = YES;
				GCC_C_LANGUAGE_STANDARD = gnu11;
				GCC_NO_COMMON_BLOCKS = YES;
				GCC_WARN_64_TO_32_BIT_CONVERSION = YES;
				GCC_WARN_ABOUT_RETURN_TYPE = YES_ERROR;
				GCC_WARN_UNDECLARED_SELECTOR = YES;
				GCC_WARN_UNINITIALIZED_AUTOS = YES_AGGRESSIVE;
				GCC_WARN_UNUSED_FUNCTION = YES;
				GCC_WARN_UNUSED_VARIABLE = YES;
				IPHONEOS_DEPLOYMENT_TARGET = 11.4;
				MTL_ENABLE_DEBUG_INFO = NO;
				SDKROOT = iphoneos;
				SWIFT_COMPILATION_MODE = wholemodule;
				SWIFT_OPTIMIZATION_LEVEL = "-O";
				VALIDATE_PRODUCT = YES;
			};
			name = Release;
		};
		1DCFF1A4210761E900FF2CE0 /* Debug */ = {
			isa = XCBuildConfiguration;
			buildSettings = {
				ASSETCATALOG_COMPILER_APPICON_NAME = AppIcon;
				CODE_SIGN_STYLE = Automatic;
				DEVELOPMENT_TEAM = R9YLWF48L2;
				ENABLE_BITCODE = NO;
				FRAMEWORK_SEARCH_PATHS = (
					"$(inherited)",
					"$(PROJECT_DIR)/Demoapp/lib",
				);
				INFOPLIST_FILE = Demoapp/Info.plist;
				LD_RUNPATH_SEARCH_PATHS = (
					"$(inherited)",
					"@executable_path/Frameworks",
				);
				PRODUCT_BUNDLE_IDENTIFIER = com.vigneshramachandra.Demoapp;
				PRODUCT_NAME = "$(TARGET_NAME)";
				SWIFT_VERSION = 4.0;
				TARGETED_DEVICE_FAMILY = "1,2";
			};
			name = Debug;
		};
		1DCFF1A5210761E900FF2CE0 /* Release */ = {
			isa = XCBuildConfiguration;
			buildSettings = {
				ASSETCATALOG_COMPILER_APPICON_NAME = AppIcon;
				CODE_SIGN_STYLE = Automatic;
				DEVELOPMENT_TEAM = R9YLWF48L2;
				ENABLE_BITCODE = NO;
				FRAMEWORK_SEARCH_PATHS = (
					"$(inherited)",
					"$(PROJECT_DIR)/Demoapp/lib",
				);
				INFOPLIST_FILE = Demoapp/Info.plist;
				LD_RUNPATH_SEARCH_PATHS = (
					"$(inherited)",
					"@executable_path/Frameworks",
				);
				PRODUCT_BUNDLE_IDENTIFIER = com.vigneshramachandra.Demoapp;
				PRODUCT_NAME = "$(TARGET_NAME)";
				SWIFT_VERSION = 4.0;
				TARGETED_DEVICE_FAMILY = "1,2";
			};
			name = Release;
		};
/* End XCBuildConfiguration section */

/* Begin XCConfigurationList section */
		1DCFF18C210761E700FF2CE0 /* Build configuration list for PBXProject "Demoapp" */ = {
			isa = XCConfigurationList;
			buildConfigurations = (
				1DCFF1A1210761E900FF2CE0 /* Debug */,
				1DCFF1A2210761E900FF2CE0 /* Release */,
			);
			defaultConfigurationIsVisible = 0;
			defaultConfigurationName = Release;
		};
		1DCFF1A3210761E900FF2CE0 /* Build configuration list for PBXNativeTarget "Demoapp" */ = {
			isa = XCConfigurationList;
			buildConfigurations = (
				1DCFF1A4210761E900FF2CE0 /* Debug */,
				1DCFF1A5210761E900FF2CE0 /* Release */,
			);
			defaultConfigurationIsVisible = 0;
			defaultConfigurationName = Release;
		};
/* End XCConfigurationList section */
	};
	rootObject = 1DCFF189210761E700FF2CE0 /* Project object */;
}
